
Microsoft Visual Studio Solution File, Format Version 12.00
# Visual Studio Version 17
VisualStudioVersion = 17.8.34511.84
MinimumVisualStudioVersion = 10.0.40219.1
Project("{FAE04EC0-301F-11D3-BF4B-00C04F79EFBC}") = "iCEB_D_Wall_Drawing", "iCEB_D_Wall_Drawing.csproj", "{F7D78F65-4145-4F7E-921C-5F8BD79FB511}"
EndProject
Global
	GlobalSection(SolutionConfigurationPlatforms) = preSolution
		Debug|Any CPU = Debug|Any CPU
		Release|Any CPU = Release|Any CPU
	EndGlobalSection
	GlobalSection(ProjectConfigurationPlatforms) = postSolution
		{F7D78F65-4145-4F7E-921C-5F8BD79FB511}.Debug|Any CPU.ActiveCfg = Debug|Any CPU
		{F7D78F65-4145-4F7E-921C-5F8BD79FB511}.Debug|Any CPU.Build.0 = Debug|Any CPU
		{F7D78F65-4145-4F7E-921C-5F8BD79FB511}.Release|Any CPU.ActiveCfg = Release|Any CPU
		{F7D78F65-4145-4F7E-921C-5F8BD79FB511}.Release|Any CPU.Build.0 = Release|Any CPU
	EndGlobalSection
	GlobalSection(SolutionProperties) = preSolution
		HideSolutionNode = FALSE
	EndGlobalSection
	GlobalSection(ExtensibilityGlobals) = postSolution
		SolutionGuid = {81483506-34F2-426C-B85D-9DEA9296F347}
	EndGlobalSection
EndGlobal
